{
  "name": "javascriptpractice",
  "version": "1.0.0",
  "lockfileVersion": 2,
  "requires": true,
  "packages": {
    "": {
      "name": "javascriptpractice",
      "version": "1.0.0",
      "license": "MIT",
      "dependencies": {
        "node-modules": "^0.0.1"
      }
    },
    "node_modules/node-modules": {
      "version": "0.0.1",
      "resolved": "https://registry.npmjs.org/node-modules/-/node-modules-0.0.1.tgz",
      "integrity": "sha512-310npB29YYezKgvU5Ei3z90rc95b0PA7vNF2Pw54MgcbnMd+t5c4LbmjP0/uDyapXb5vXcFuWEOIHtemQXN9Gw=="
    }
  },
  "dependencies": {
    "node-modules": {
      "version": "0.0.1",
      "resolved": "https://registry.npmjs.org/node-modules/-/node-modules-0.0.1.tgz",
      "integrity": "sha512-310npB29YYezKgvU5Ei3z90rc95b0PA7vNF2Pw54MgcbnMd+t5c4LbmjP0/uDyapXb5vXcFuWEOIHtemQXN9Gw=="
    }
  }
}
