{
  "name": "javascriptpractice",
  "version": "1.0.0",
  "lockfileVersion": 2,
  "requires": true,
  "packages": {
    "": {
      "name": "javascriptpractice",
      "version": "1.0.0",
      "license": "MIT",
      "dependencies": {
        "node-modules": "^0.0.1"
      }
    },
    "node_modules/node-modules": {
      "version": "0.0.1",
      "resolved": "https://registry.npmjs.org/node-modules/-/node-modules-0.0.1.tgz",
      "integrity": "sha1-m/PLvt+4Lf3eoXuNVmiGg3Uhxyw="
    }
  },
  "dependencies": {
    "node-modules": {
      "version": "0.0.1",
      "resolved": "https://registry.npmjs.org/node-modules/-/node-modules-0.0.1.tgz",
      "integrity": "sha1-m/PLvt+4Lf3eoXuNVmiGg3Uhxyw="
    }
  }
}
